
Microsoft Visual Studio Solution File, Format Version 12.00
# Visual Studio Version 16
VisualStudioVersion = 16.0.31515.178
MinimumVisualStudioVersion = 10.0.40219.1
Project("{FAE04EC0-301F-11D3-BF4B-00C04F79EFBC}") = "DG99 Finder", "DG99 Finder.csproj", "{08EBDC5C-D8F0-4F5B-BF83-2309F9884237}"
EndProject
Global
	GlobalSection(SolutionConfigurationPlatforms) = preSolution
		Debug|Any CPU = Debug|Any CPU
		Release|Any CPU = Release|Any CPU
	EndGlobalSection
	GlobalSection(ProjectConfigurationPlatforms) = postSolution
		{08EBDC5C-D8F0-4F5B-BF83-2309F9884237}.Debug|Any CPU.ActiveCfg = Debug|Any CPU
		{08EBDC5C-D8F0-4F5B-BF83-2309F9884237}.Debug|Any CPU.Build.0 = Debug|Any CPU
		{08EBDC5C-D8F0-4F5B-BF83-2309F9884237}.Release|Any CPU.ActiveCfg = Release|Any CPU
		{08EBDC5C-D8F0-4F5B-BF83-2309F9884237}.Release|Any CPU.Build.0 = Release|Any CPU
	EndGlobalSection
	GlobalSection(SolutionProperties) = preSolution
		HideSolutionNode = FALSE
	EndGlobalSection
	GlobalSection(ExtensibilityGlobals) = postSolution
		SolutionGuid = {B33132BB-3582-4C97-80F2-271AD4AB4C08}
	EndGlobalSection
EndGlobal
